
Microsoft Visual Studio Solution File, Format Version 11.00
# Visual Studio 2010
Project("{8BC9CEB8-8B4A-11D0-8D11-00A0C91BC942}") = "test", "test.vcxproj", "{FF5D3395-F18D-3DDA-9618-41C4CEC5FF44}"
EndProject
Project("{8BC9CEB8-8B4A-11D0-8D11-00A0C91BC942}") = "TMath", "..\TMath.vcxproj", "{818E2515-FFC2-352C-BA46-33621F58B927}"
EndProject
Global
	GlobalSection(SolutionConfigurationPlatforms) = preSolution
		Debug|Win32 = Debug|Win32
		Release|Win32 = Release|Win32
	EndGlobalSection
	GlobalSection(ProjectConfigurationPlatforms) = postSolution
		{FF5D3395-F18D-3DDA-9618-41C4CEC5FF44}.Debug|Win32.ActiveCfg = Debug|Win32
		{FF5D3395-F18D-3DDA-9618-41C4CEC5FF44}.Debug|Win32.Build.0 = Debug|Win32
		{FF5D3395-F18D-3DDA-9618-41C4CEC5FF44}.Release|Win32.ActiveCfg = Release|Win32
		{FF5D3395-F18D-3DDA-9618-41C4CEC5FF44}.Release|Win32.Build.0 = Release|Win32
		{818E2515-FFC2-352C-BA46-33621F58B927}.Debug|Win32.ActiveCfg = Debug|Win32
		{818E2515-FFC2-352C-BA46-33621F58B927}.Debug|Win32.Build.0 = Debug|Win32
		{818E2515-FFC2-352C-BA46-33621F58B927}.Release|Win32.ActiveCfg = Release|Win32
		{818E2515-FFC2-352C-BA46-33621F58B927}.Release|Win32.Build.0 = Release|Win32
	EndGlobalSection
	GlobalSection(SolutionProperties) = preSolution
		HideSolutionNode = FALSE
	EndGlobalSection
EndGlobal
