<?xml version="1.0" encoding="utf-8"?>
<Project ToolsVersion="4.0" xmlns="http://schemas.microsoft.com/developer/msbuild/2003">
  <ItemGroup>
    <Filter Include="Header Files">
      <UniqueIdentifier>{93995380-89BD-4b04-88EB-625FBE52EBFB}</UniqueIdentifier>
      <Extensions>h;hpp;hxx;hm;inl;inc;xsd</Extensions>
    </Filter>
    <Filter Include="Header Files">
      <UniqueIdentifier>{93995380-89BD-4b04-88EB-625FBE52EBFB}</UniqueIdentifier>
      <Extensions>h;hpp;hxx;hm;inl;inc;xsd</Extensions>
    </Filter>
    <Filter Include="Source Files">
      <UniqueIdentifier>{4FC737F1-C7A5-4376-A066-2A32D752A2FF}</UniqueIdentifier>
      <Extensions>cpp;c;cxx;def;odl;idl;hpj;bat;asm;asmx</Extensions>
    </Filter>
    <Filter Include="Source Files">
      <UniqueIdentifier>{4FC737F1-C7A5-4376-A066-2A32D752A2FF}</UniqueIdentifier>
      <Extensions>cpp;c;cxx;def;odl;idl;hpj;bat;asm;asmx</Extensions>
    </Filter>
  </ItemGroup>
  <ItemGroup>
    <ClCompile Include="src\Sofa\TSofa.cpp">
      <Filter>Source Files</Filter>
    </ClCompile>
    <ClCompile Include="src\SAT\TSGP4.cpp">
      <Filter>Source Files</Filter>
    </ClCompile>
    <ClCompile Include="src\SAT\TDateTime.cpp">
      <Filter>Source Files</Filter>
    </ClCompile>
    <ClCompile Include="src\SAT\TECI.cpp">
      <Filter>Source Files</Filter>
    </ClCompile>
    <ClCompile Include="src\SAT\TOrbitalElements.cpp">
      <Filter>Source Files</Filter>
    </ClCompile>
    <ClCompile Include="src\SAT\TSatelliteException.cpp">
      <Filter>Source Files</Filter>
    </ClCompile>
    <ClCompile Include="src\SAT\TTimeSpan.cpp">
      <Filter>Source Files</Filter>
    </ClCompile>
    <ClCompile Include="src\SAT\TCoordGeodetic.cpp">
      <Filter>Source Files</Filter>
    </ClCompile>
    <ClCompile Include="src\SAT\TTle.cpp">
      <Filter>Source Files</Filter>
    </ClCompile>
    <ClCompile Include="src\SAT\TTleException.cpp">
      <Filter>Source Files</Filter>
    </ClCompile>
    <ClCompile Include="src\TUtilities.cpp">
      <Filter>Source Files</Filter>
    </ClCompile>
    <ClCompile Include="src\Sat\TKepler.cpp">
      <Filter>Source Files</Filter>
    </ClCompile>
  </ItemGroup>
  <ItemGroup>
    <ClInclude Include="include\TConstants.h">
      <Filter>Header Files</Filter>
    </ClInclude>
    <ClInclude Include="include\TGLSL_mappings.h">
      <Filter>Header Files</Filter>
    </ClInclude>
    <ClInclude Include="include\TGlobal.h">
      <Filter>Header Files</Filter>
    </ClInclude>
    <ClInclude Include="include\TMatrix.h">
      <Filter>Header Files</Filter>
    </ClInclude>
    <ClInclude Include="include\TQuaternion.h">
      <Filter>Header Files</Filter>
    </ClInclude>
    <ClInclude Include="include\TUtilities.h">
      <Filter>Header Files</Filter>
    </ClInclude>
    <ClInclude Include="include\TVector.h">
      <Filter>Header Files</Filter>
    </ClInclude>
    <ClInclude Include="include\Sofa\TSofam.h">
      <Filter>Header Files</Filter>
    </ClInclude>
    <ClInclude Include="include\Sofa\TSofa.h">
      <Filter>Header Files</Filter>
    </ClInclude>
    <ClInclude Include="include\SAT\TSGP4.h">
      <Filter>Header Files</Filter>
    </ClInclude>
    <ClInclude Include="include\SAT\TDateTime.h">
      <Filter>Header Files</Filter>
    </ClInclude>
    <ClInclude Include="include\SAT\TECI.h">
      <Filter>Header Files</Filter>
    </ClInclude>
    <ClInclude Include="include\SAT\TOrbitalElements.h">
      <Filter>Header Files</Filter>
    </ClInclude>
    <ClInclude Include="include\SAT\TSatelliteException.h">
      <Filter>Header Files</Filter>
    </ClInclude>
    <ClInclude Include="include\SAT\TTimeSpan.h">
      <Filter>Header Files</Filter>
    </ClInclude>
    <ClInclude Include="include\SAT\TCoordGeodetic.h">
      <Filter>Header Files</Filter>
    </ClInclude>
    <ClInclude Include="include\SAT\TTle.h">
      <Filter>Header Files</Filter>
    </ClInclude>
    <ClInclude Include="include\SAT\TTleException.h">
      <Filter>Header Files</Filter>
    </ClInclude>
    <ClInclude Include="include\Sat\TKepler.h">
      <Filter>Header Files</Filter>
    </ClInclude>
  </ItemGroup>
</Project>